# THIS IS AN AUTOGENERATED FILE. DO NOT EDIT THIS FILE DIRECTLY.
# yarn lockfile v1


"cli-table@^0.3.1":
  "resolved" "https://registry.npmjs.org/cli-table/-/cli-table-0.3.1.tgz"
  "version" "0.3.1"
  dependencies:
    "colors" "1.0.3"

"colors@1.0.3":
  "resolved" "https://registry.npmjs.org/colors/-/colors-1.0.3.tgz"
  "version" "1.0.3"

"csv-file-creator@^1.0.9":
  "integrity" "sha512-8ds8CyAnGdMRPxEjyhUvar8AeiW1GE4RKqr50moK7Xq7LzpNe9i/DQ3moUi2Q51dEnKxQH9kKwYkjSfLn3p2Bw=="
  "resolved" "https://registry.npmjs.org/csv-file-creator/-/csv-file-creator-1.0.9.tgz"
  "version" "1.0.9"

"sax@>=0.6.0":
  "resolved" "https://registry.npmjs.org/sax/-/sax-1.2.4.tgz"
  "version" "1.2.4"

"xml2js@^0.4.19":
  "resolved" "https://registry.npmjs.org/xml2js/-/xml2js-0.4.19.tgz"
  "version" "0.4.19"
  dependencies:
    "sax" ">=0.6.0"
    "xmlbuilder" "~9.0.1"

"xmlbuilder@~9.0.1":
  "resolved" "https://registry.npmjs.org/xmlbuilder/-/xmlbuilder-9.0.4.tgz"
  "version" "9.0.4"
